
Microsoft Visual Studio Solution File, Format Version 12.00
# Visual Studio Version 17
VisualStudioVersion = 17.4.33110.190
MinimumVisualStudioVersion = 10.0.40219.1
Project("{FAE04EC0-301F-11D3-BF4B-00C04F79EFBC}") = "Calculator", "Calculator.csproj", "{03D70C9E-ADF3-48CB-9E03-8BE098A643FB}"
EndProject
Global
	GlobalSection(SolutionConfigurationPlatforms) = preSolution
		Debug|Any CPU = Debug|Any CPU
		Release|Any CPU = Release|Any CPU
	EndGlobalSection
	GlobalSection(ProjectConfigurationPlatforms) = postSolution
		{03D70C9E-ADF3-48CB-9E03-8BE098A643FB}.Debug|Any CPU.ActiveCfg = Debug|Any CPU
		{03D70C9E-ADF3-48CB-9E03-8BE098A643FB}.Debug|Any CPU.Build.0 = Debug|Any CPU
		{03D70C9E-ADF3-48CB-9E03-8BE098A643FB}.Release|Any CPU.ActiveCfg = Release|Any CPU
		{03D70C9E-ADF3-48CB-9E03-8BE098A643FB}.Release|Any CPU.Build.0 = Release|Any CPU
	EndGlobalSection
	GlobalSection(SolutionProperties) = preSolution
		HideSolutionNode = FALSE
	EndGlobalSection
	GlobalSection(ExtensibilityGlobals) = postSolution
		SolutionGuid = {FFEB45C4-4289-4759-9D6A-864D2859F8F6}
	EndGlobalSection
EndGlobal
